
Microsoft Visual Studio Solution File, Format Version 12.00
# Visual Studio Version 17
VisualStudioVersion = 17.6.33829.357
MinimumVisualStudioVersion = 10.0.40219.1
Project("{FAE04EC0-301F-11D3-BF4B-00C04F79EFBC}") = "Array", "Array\Array.csproj", "{7EC11B86-6CA2-4338-BDC0-F011DABD395E}"
EndProject
Global
	GlobalSection(SolutionConfigurationPlatforms) = preSolution
		Debug|Any CPU = Debug|Any CPU
		Release|Any CPU = Release|Any CPU
	EndGlobalSection
	GlobalSection(ProjectConfigurationPlatforms) = postSolution
		{7EC11B86-6CA2-4338-BDC0-F011DABD395E}.Debug|Any CPU.ActiveCfg = Debug|Any CPU
		{7EC11B86-6CA2-4338-BDC0-F011DABD395E}.Debug|Any CPU.Build.0 = Debug|Any CPU
		{7EC11B86-6CA2-4338-BDC0-F011DABD395E}.Release|Any CPU.ActiveCfg = Release|Any CPU
		{7EC11B86-6CA2-4338-BDC0-F011DABD395E}.Release|Any CPU.Build.0 = Release|Any CPU
	EndGlobalSection
	GlobalSection(SolutionProperties) = preSolution
		HideSolutionNode = FALSE
	EndGlobalSection
	GlobalSection(ExtensibilityGlobals) = postSolution
		SolutionGuid = {AB817E41-89C6-4F38-A61F-A469D2DCDF48}
	EndGlobalSection
EndGlobal
